{
  "name": "VideoMind-AI",
  "lockfileVersion": 3,
  "requires": true,
  "packages": {
    "": {
      "dependencies": {
        "@fontsource-variable/geist": "^5.2.9",
        "@fontsource-variable/geist-mono": "^5.2.8",
        "@phosphor-icons/react": "^2.1.10"
      }
    },
    "node_modules/@fontsource-variable/geist": {
      "version": "5.2.9",
      "resolved": "https://registry.npmmirror.com/@fontsource-variable/geist/-/geist-5.2.9.tgz",
      "integrity": "sha512-TP+QSBG3wxKGPE33CbMy/L0Nu3qvJ6Fy81Yc4LnQ95xH+i+cfEp8fyU8/kfV14YwszxIFPhnoMTbjL71waVpyQ==",
      "license": "OFL-1.1",
      "funding": {
        "url": "https://github.com/sponsors/ayuhito"
      }
    },
    "node_modules/@fontsource-variable/geist-mono": {
      "version": "5.2.8",
      "resolved": "https://registry.npmmirror.com/@fontsource-variable/geist-mono/-/geist-mono-5.2.8.tgz",
      "integrity": "sha512-KI5bj+hkkRiHttYHmccotUZ80ZuZyai+RwI1d7UId0clkx/jXxlo8qYK8j54WzmpBjtMoEMPyllV7faDcj+6RA==",
      "license": "OFL-1.1",
      "funding": {
        "url": "https://github.com/sponsors/ayuhito"
      }
    },
    "node_modules/@phosphor-icons/react": {
      "version": "2.1.10",
      "resolved": "https://registry.npmmirror.com/@phosphor-icons/react/-/react-2.1.10.tgz",
      "integrity": "sha512-vt8Tvq8GLjheAZZYa+YG/pW7HDbov8El/MANW8pOAz4eGxrwhnbfrQZq0Cp4q8zBEu8NIhHdnr+r8thnfRSNYA==",
      "license": "MIT",
      "engines": {
        "node": ">=10"
      },
      "peerDependencies": {
        "react": ">= 16.8",
        "react-dom": ">= 16.8"
      }
    },
    "node_modules/react": {
      "version": "19.2.7",
      "resolved": "https://registry.npmmirror.com/react/-/react-19.2.7.tgz",
      "integrity": "sha512-HNe9WslTbXmFK8o8cmwgAeJFSBvt1bPdHCVKtaaV+WlAN36mpT4hcRpwbf3fY56ar2oIXzsBpOAiIRHAdY0OlQ==",
      "license": "MIT",
      "peer": true,
      "engines": {
        "node": ">=0.10.0"
      }
    },
    "node_modules/react-dom": {
      "version": "19.2.7",
      "resolved": "https://registry.npmmirror.com/react-dom/-/react-dom-19.2.7.tgz",
      "integrity": "sha512-t0BRVXvbiE/o20Hfw669rLbMCDWtYZLvmJigy2f0MxsXF+71pxhR3xOkspmsO8h3ZlNzyibAmtCa3l4lYKk6gQ==",
      "license": "MIT",
      "peer": true,
      "dependencies": {
        "scheduler": "^0.27.0"
      },
      "peerDependencies": {
        "react": "^19.2.7"
      }
    },
    "node_modules/scheduler": {
      "version": "0.27.0",
      "resolved": "https://registry.npmmirror.com/scheduler/-/scheduler-0.27.0.tgz",
      "integrity": "sha512-eNv+WrVbKu1f3vbYJT/xtiF5syA5HPIMtf9IgY/nKg0sWqzAUEvqY/xm7OcZc/qafLx/iO9FgOmeSAp4v5ti/Q==",
      "license": "MIT",
      "peer": true
    }
  }
}
